Microsoft Visual Studio Solution File, Format Version 12.00
# Visual Studio 15
VisualStudioVersion = 15.0.27428.2037
MinimumVisualStudioVersion = 10.0.40219.1
Project("{2150E333-8FDC-42A3-9474-1A3956D46DE8}") = "住院医护", "住院医护", "{BA1C4BC9-109D-4082-9896-86FDC0F011FC}"
EndProject
Project("{2150E333-8FDC-42A3-9474-1A3956D46DE8}") = "住院医护其他", "住院医护其他", "{DD246377-8755-4FA3-9987-4918639B5C5D}"
EndProject
Project("{2150E333-8FDC-42A3-9474-1A3956D46DE8}") = "手术麻醉相关", "手术麻醉相关", "{ECA15BC7-9BB0-4F15-8A65-1F62A440ED12}"
EndProject
Project("{FAE04EC0-301F-11D3-BF4B-00C04F79EFBC}") = "Trasen", "Trasen\Trasen.csproj", "{084FBD25-0CA6-4C23-B06D-454DB6B6DDF0}"
EndProject
Project("{FAE04EC0-301F-11D3-BF4B-00C04F79EFBC}") = "Ts_zyys_zlsq", "His代码\Ts_zyys_zlsq\Ts_zyys_zlsq.csproj", "{47D84B5C-1623-4803-8AF5-B996EB458C3E}"
EndProject
Project("{FAE04EC0-301F-11D3-BF4B-00C04F79EFBC}") = "Ts_zyys_yzgl", "His代码\Ts_zyys_yzgl\Ts_zyys_yzgl.csproj", "{38E7B0A9-B1BF-47B0-915A-AA4E5B761A12}"
EndProject
Project("{FAE04EC0-301F-11D3-BF4B-00C04F79EFBC}") = "Ts_zyys_jysq", "His代码\Ts_zyys_jysq\Ts_zyys_jysq.csproj", "{8A4F57D9-13E4-4446-9278-F7F656486BBD}"
EndProject
Project("{FAE04EC0-301F-11D3-BF4B-00C04F79EFBC}") = "Ts_zyys_jcsq", "His代码\Ts_zyys_jcsq\Ts_zyys_jcsq.csproj", "{EBCAA661-D17B-4024-A193-FE45A8BCE96F}"
EndProject
Project("{FAE04EC0-301F-11D3-BF4B-00C04F79EFBC}") = "Ts_zyys_hzgl", "His代码\Ts_zyys_hzgl\Ts_zyys_hzgl.csproj", "{E37980CB-D4C6-432C-8761-D21C807EAAB1}"
EndProject
Project("{FAE04EC0-301F-11D3-BF4B-00C04F79EFBC}") = "Ts_zyys_public", "His代码\Ts_zyys_dbquery\Ts_zyys_public.csproj", "{F4999665-4EE6-4EB6-AD7E-A65C8D6C374F}"
EndProject
Project("{FAE04EC0-301F-11D3-BF4B-00C04F79EFBC}") = "ts_zyhs_yzdy", "His代码\ts_zyhs_yzdy_emr\ts_zyhs_yzdy.csproj", "{27A59303-D9B3-4EC9-BF19-1FDF0417958E}"
EndProject
Project("{FAE04EC0-301F-11D3-BF4B-00C04F79EFBC}") = "ts_zygl_tjbb", "His代码\ts_zygl_tjbb\ts_zygl_tjbb.csproj", "{48823870-3444-4083-8BC9-3D8BFD03DEBD}"
EndProject
Project("{FAE04EC0-301F-11D3-BF4B-00C04F79EFBC}") = "Ts_HisVsLis_interface", "His代码\Ts_HisVsLis_interface\Ts_HisVsLis_interface.csproj", "{50E3F232-FFB8-40C5-A6EC-271418CA11E4}"
EndProject
Project("{FAE04EC0-301F-11D3-BF4B-00C04F79EFBC}") = "TrasenHIS", "His代码\TrasenHIS\TrasenHIS.csproj", "{CE180FAB-053D-4B25-9118-9CF998B352F9}"
EndProject
Project("{FAE04EC0-301F-11D3-BF4B-00C04F79EFBC}") = "ts_zyhs_fyxx", "His代码\ts_zyhs_fyxx\ts_zyhs_fyxx.csproj", "{D777FD67-6532-4746-812A-4A36EBF95693}"
EndProject
Project("{FAE04EC0-301F-11D3-BF4B-00C04F79EFBC}") = "ts_zyhs_fpcw", "His代码\ts_zyhs_fpcw\ts_zyhs_fpcw.csproj", "{6A404C9C-1B47-4997-A17E-0299334D6322}"
EndProject
Project("{FAE04EC0-301F-11D3-BF4B-00C04F79EFBC}") = "ts_zyhs_classes", "His代码\ts_zyhs_classes\ts_zyhs_classes.csproj", "{12C28C5F-E670-4CE8-9850-8062D50DFA8E}"
EndProject
Project("{FAE04EC0-301F-11D3-BF4B-00C04F79EFBC}") = "ts_zyhs_brzk", "His代码\ts_zyhs_brzk\ts_zyhs_brzk.csproj", "{E2860CB7-1B31-4DEF-8606-8B4EB899E950}"
EndProject
Project("{FAE04EC0-301F-11D3-BF4B-00C04F79EFBC}") = "ts_zyhs_dycy", "His代码\ts_zyhs_dycy\ts_zyhs_dycy.csproj", "{217F1610-28DC-4661-A571-D8BA7EC4F3B4}"
EndProject
Project("{FAE04EC0-301F-11D3-BF4B-00C04F79EFBC}") = "ts_zyhs_report", "His代码\ts_zyhs_report\ts_zyhs_report.csproj", "{0D0199CC-D224-47DD-B5E0-6A3D1382EC8D}"
EndProject
Project("{FAE04EC0-301F-11D3-BF4B-00C04F79EFBC}") = "ts_zyhs_zxd", "His代码\ts_zyhs_zxd\ts_zyhs_zxd.csproj", "{70E1390E-B8C5-4409-BD26-2C403747C5EC}"
EndProject
Project("{FAE04EC0-301F-11D3-BF4B-00C04F79EFBC}") = "ts_zyhs_yzgl", "His代码\ts_zyhs_yzgl\ts_zyhs_yzgl.csproj", "{3FA17918-B2EA-40CE-BC44-3F30D92B97F5}"
EndProject
Project("{FAE04EC0-301F-11D3-BF4B-00C04F79EFBC}") = "ts_zyhs_cwyl", "His代码\ts_zyhs_cwyl\ts_zyhs_cwyl.csproj", "{3AB4865C-597F-437A-AF0A-332665BD0926}"
EndProject
Project("{FAE04EC0-301F-11D3-BF4B-00C04F79EFBC}") = "Ts_zyys_ssgl", "His代码\Ts_zyys_ssgl\Ts_zyys_ssgl.csproj", "{5AF7C5C8-1F88-4E42-9FF5-C4D2F00956FE}"
EndProject
Project("{FAE04EC0-301F-11D3-BF4B-00C04F79EFBC}") = "ts_zyhs_xgxx", "His代码\ts_zyhs_xgxx\ts_zyhs_xgxx.csproj", "{E51EB670-C958-4069-8BF6-4DAF3068B715}"
EndProject
Project("{FAE04EC0-301F-11D3-BF4B-00C04F79EFBC}") = "ts_zyhs_zdlr", "His代码\ts_zyhs_zdlr\ts_zyhs_zdlr.csproj", "{2F053CBF-3F1E-4530-8324-7482DF8312C5}"
EndProject
Project("{FAE04EC0-301F-11D3-BF4B-00C04F79EFBC}") = "ts_zy_zhcx", "His代码\ts_zy_zhcx\ts_zy_zhcx.csproj", "{1D5433A3-D84C-4801-8630-FF065829BC99}"
EndProject
Project("{FAE04EC0-301F-11D3-BF4B-00C04F79EFBC}") = "ts_jc_wardbed", "His代码\ts_jc_wardbed\ts_jc_wardbed.csproj", "{4D4260D3-B83B-4A5C-8B14-8D44FA39F4D0}"
EndProject
Project("{FAE04EC0-301F-11D3-BF4B-00C04F79EFBC}") = "ts_zyhs_wclxmcx", "His代码\ts_zyhs_wclxmcx\ts_zyhs_wclxmcx.csproj", "{5BE8FDF9-E9E8-41D7-9052-DD8D279FA17E}"
EndProject
Project("{FAE04EC0-301F-11D3-BF4B-00C04F79EFBC}") = "ts_pivas_interface", "His代码\ts_pivas_interface\ts_pivas_interface\ts_pivas_interface.csproj", "{018ACDD4-4866-4839-A705-03A66CE0A7A3}"
EndProject
Project("{FAE04EC0-301F-11D3-BF4B-00C04F79EFBC}") = "Ts_ss_shbl", "His代码\Ts_ss_shbl\Ts_ss_shbl.csproj", "{B01360D3-0F20-48DB-8C3C-C8D43A025F93}"
EndProject
Project("{FAE04EC0-301F-11D3-BF4B-00C04F79EFBC}") = "Ts_ss_main", "His代码\Ts_ss_main\Ts_ss_main.csproj", "{2073287D-527F-4DE6-A1FF-F27F6C28D377}"
EndProject
Project("{FAE04EC0-301F-11D3-BF4B-00C04F79EFBC}") = "ts_zyhs_yzzc", "His代码\ts_zyhs_yzzc\ts_zyhs_yzzc.csproj", "{0E0B1233-8D05-479C-99EF-3B5893BC2A96}"
EndProject
Project("{FAE04EC0-301F-11D3-BF4B-00C04F79EFBC}") = "Ts_ss_brcx", "His代码\Ts_ss_brcx\Ts_ss_brcx.csproj", "{5E812D83-CA59-449D-874E-A5EC186BBAA1}"
EndProject
Project("{FAE04EC0-301F-11D3-BF4B-00C04F79EFBC}") = "Ts_Bl_interface", "His代码\Ts_Bl_interface\Ts_Bl_interface.csproj", "{8B06FE36-3FA3-4AB7-B675-FC4361DDDBE3}"
EndProject
Global
	GlobalSection(SolutionConfigurationPlatforms) = preSolution
		Debug|Any CPU = Debug|Any CPU
		Release|Any CPU = Release|Any CPU
		Trasen|Any CPU = Trasen|Any CPU
	EndGlobalSection
	GlobalSection(ProjectConfigurationPlatforms) = postSolution
		{084FBD25-0CA6-4C23-B06D-454DB6B6DDF0}.Debug|Any CPU.ActiveCfg = Debug|Any CPU
		{084FBD25-0CA6-4C23-B06D-454DB6B6DDF0}.Debug|Any CPU.Build.0 = Debug|Any CPU
		{084FBD25-0CA6-4C23-B06D-454DB6B6DDF0}.Release|Any CPU.ActiveCfg = Release|Any CPU
		{084FBD25-0CA6-4C23-B06D-454DB6B6DDF0}.Release|Any CPU.Build.0 = Release|Any CPU
		{084FBD25-0CA6-4C23-B06D-454DB6B6DDF0}.Trasen|Any CPU.ActiveCfg = Release|Any CPU
		{084FBD25-0CA6-4C23-B06D-454DB6B6DDF0}.Trasen|Any CPU.Build.0 = Release|Any CPU
		{47D84B5C-1623-4803-8AF5-B996EB458C3E}.Debug|Any CPU.ActiveCfg = Debug|Any CPU
		{47D84B5C-1623-4803-8AF5-B996EB458C3E}.Debug|Any CPU.Build.0 = Debug|Any CPU
		{47D84B5C-1623-4803-8AF5-B996EB458C3E}.Release|Any CPU.ActiveCfg = Release|Any CPU
		{47D84B5C-1623-4803-8AF5-B996EB458C3E}.Release|Any CPU.Build.0 = Release|Any CPU
		{47D84B5C-1623-4803-8AF5-B996EB458C3E}.Trasen|Any CPU.ActiveCfg = Release|Any CPU
		{47D84B5C-1623-4803-8AF5-B996EB458C3E}.Trasen|Any CPU.Build.0 = Release|Any CPU
		{38E7B0A9-B1BF-47B0-915A-AA4E5B761A12}.Debug|Any CPU.ActiveCfg = Debug|Any CPU
		{38E7B0A9-B1BF-47B0-915A-AA4E5B761A12}.Debug|Any CPU.Build.0 = Debug|Any CPU
		{38E7B0A9-B1BF-47B0-915A-AA4E5B761A12}.Release|Any CPU.ActiveCfg = Release|Any CPU
		{38E7B0A9-B1BF-47B0-915A-AA4E5B761A12}.Release|Any CPU.Build.0 = Release|Any CPU
		{38E7B0A9-B1BF-47B0-915A-AA4E5B761A12}.Trasen|Any CPU.ActiveCfg = Release|Any CPU
		{38E7B0A9-B1BF-47B0-915A-AA4E5B761A12}.Trasen|Any CPU.Build.0 = Release|Any CPU
		{8A4F57D9-13E4-4446-9278-F7F656486BBD}.Debug|Any CPU.ActiveCfg = Debug|Any CPU
		{8A4F57D9-13E4-4446-9278-F7F656486BBD}.Debug|Any CPU.Build.0 = Debug|Any CPU
		{8A4F57D9-13E4-4446-9278-F7F656486BBD}.Release|Any CPU.ActiveCfg = Release|Any CPU
		{8A4F57D9-13E4-4446-9278-F7F656486BBD}.Release|Any CPU.Build.0 = Release|Any CPU
		{8A4F57D9-13E4-4446-9278-F7F656486BBD}.Trasen|Any CPU.ActiveCfg = Release|Any CPU
		{8A4F57D9-13E4-4446-9278-F7F656486BBD}.Trasen|Any CPU.Build.0 = Release|Any CPU
		{EBCAA661-D17B-4024-A193-FE45A8BCE96F}.Debug|Any CPU.ActiveCfg = Debug|Any CPU
		{EBCAA661-D17B-4024-A193-FE45A8BCE96F}.Debug|Any CPU.Build.0 = Debug|Any CPU
		{EBCAA661-D17B-4024-A193-FE45A8BCE96F}.Release|Any CPU.ActiveCfg = Release|Any CPU
		{EBCAA661-D17B-4024-A193-FE45A8BCE96F}.Release|Any CPU.Build.0 = Release|Any CPU
		{EBCAA661-D17B-4024-A193-FE45A8BCE96F}.Trasen|Any CPU.ActiveCfg = Release|Any CPU
		{EBCAA661-D17B-4024-A193-FE45A8BCE96F}.Trasen|Any CPU.Build.0 = Release|Any CPU
		{E37980CB-D4C6-432C-8761-D21C807EAAB1}.Debug|Any CPU.ActiveCfg = Debug|Any CPU
		{E37980CB-D4C6-432C-8761-D21C807EAAB1}.Debug|Any CPU.Build.0 = Debug|Any CPU
		{E37980CB-D4C6-432C-8761-D21C807EAAB1}.Release|Any CPU.ActiveCfg = Release|Any CPU
		{E37980CB-D4C6-432C-8761-D21C807EAAB1}.Release|Any CPU.Build.0 = Release|Any CPU
		{E37980CB-D4C6-432C-8761-D21C807EAAB1}.Trasen|Any CPU.ActiveCfg = Release|Any CPU
		{E37980CB-D4C6-432C-8761-D21C807EAAB1}.Trasen|Any CPU.Build.0 = Release|Any CPU
		{F4999665-4EE6-4EB6-AD7E-A65C8D6C374F}.Debug|Any CPU.ActiveCfg = Debug|Any CPU
		{F4999665-4EE6-4EB6-AD7E-A65C8D6C374F}.Debug|Any CPU.Build.0 = Debug|Any CPU
		{F4999665-4EE6-4EB6-AD7E-A65C8D6C374F}.Release|Any CPU.ActiveCfg = Release|Any CPU
		{F4999665-4EE6-4EB6-AD7E-A65C8D6C374F}.Release|Any CPU.Build.0 = Release|Any CPU
		{F4999665-4EE6-4EB6-AD7E-A65C8D6C374F}.Trasen|Any CPU.ActiveCfg = Release|Any CPU
		{F4999665-4EE6-4EB6-AD7E-A65C8D6C374F}.Trasen|Any CPU.Build.0 = Release|Any CPU
		{27A59303-D9B3-4EC9-BF19-1FDF0417958E}.Debug|Any CPU.ActiveCfg = Debug|Any CPU
		{27A59303-D9B3-4EC9-BF19-1FDF0417958E}.Debug|Any CPU.Build.0 = Debug|Any CPU
		{27A59303-D9B3-4EC9-BF19-1FDF0417958E}.Release|Any CPU.ActiveCfg = Release|Any CPU
		{27A59303-D9B3-4EC9-BF19-1FDF0417958E}.Release|Any CPU.Build.0 = Release|Any CPU
		{27A59303-D9B3-4EC9-BF19-1FDF0417958E}.Trasen|Any CPU.ActiveCfg = Release|Any CPU
		{27A59303-D9B3-4EC9-BF19-1FDF0417958E}.Trasen|Any CPU.Build.0 = Release|Any CPU
		{48823870-3444-4083-8BC9-3D8BFD03DEBD}.Debug|Any CPU.ActiveCfg = Debug|Any CPU
		{48823870-3444-4083-8BC9-3D8BFD03DEBD}.Debug|Any CPU.Build.0 = Debug|Any CPU
		{48823870-3444-4083-8BC9-3D8BFD03DEBD}.Release|Any CPU.ActiveCfg = Release|Any CPU
		{48823870-3444-4083-8BC9-3D8BFD03DEBD}.Release|Any CPU.Build.0 = Release|Any CPU
		{48823870-3444-4083-8BC9-3D8BFD03DEBD}.Trasen|Any CPU.ActiveCfg = Release|Any CPU
		{48823870-3444-4083-8BC9-3D8BFD03DEBD}.Trasen|Any CPU.Build.0 = Release|Any CPU
		{50E3F232-FFB8-40C5-A6EC-271418CA11E4}.Debug|Any CPU.ActiveCfg = Debug|Any CPU
		{50E3F232-FFB8-40C5-A6EC-271418CA11E4}.Debug|Any CPU.Build.0 = Debug|Any CPU
		{50E3F232-FFB8-40C5-A6EC-271418CA11E4}.Release|Any CPU.ActiveCfg = Release|Any CPU
		{50E3F232-FFB8-40C5-A6EC-271418CA11E4}.Release|Any CPU.Build.0 = Release|Any CPU
		{50E3F232-FFB8-40C5-A6EC-271418CA11E4}.Trasen|Any CPU.ActiveCfg = Release|Any CPU
		{50E3F232-FFB8-40C5-A6EC-271418CA11E4}.Trasen|Any CPU.Build.0 = Release|Any CPU
		{CE180FAB-053D-4B25-9118-9CF998B352F9}.Debug|Any CPU.ActiveCfg = Debug|Any CPU
		{CE180FAB-053D-4B25-9118-9CF998B352F9}.Debug|Any CPU.Build.0 = Debug|Any CPU
		{CE180FAB-053D-4B25-9118-9CF998B352F9}.Release|Any CPU.ActiveCfg = Release|Any CPU
		{CE180FAB-053D-4B25-9118-9CF998B352F9}.Release|Any CPU.Build.0 = Release|Any CPU
		{CE180FAB-053D-4B25-9118-9CF998B352F9}.Trasen|Any CPU.ActiveCfg = Release|Any CPU
		{CE180FAB-053D-4B25-9118-9CF998B352F9}.Trasen|Any CPU.Build.0 = Release|Any CPU
		{D777FD67-6532-4746-812A-4A36EBF95693}.Debug|Any CPU.ActiveCfg = Debug|Any CPU
		{D777FD67-6532-4746-812A-4A36EBF95693}.Debug|Any CPU.Build.0 = Debug|Any CPU
		{D777FD67-6532-4746-812A-4A36EBF95693}.Release|Any CPU.ActiveCfg = Release|Any CPU
		{D777FD67-6532-4746-812A-4A36EBF95693}.Release|Any CPU.Build.0 = Release|Any CPU
		{D777FD67-6532-4746-812A-4A36EBF95693}.Trasen|Any CPU.ActiveCfg = Release|Any CPU
		{D777FD67-6532-4746-812A-4A36EBF95693}.Trasen|Any CPU.Build.0 = Release|Any CPU
		{6A404C9C-1B47-4997-A17E-0299334D6322}.Debug|Any CPU.ActiveCfg = Debug|Any CPU
		{6A404C9C-1B47-4997-A17E-0299334D6322}.Debug|Any CPU.Build.0 = Debug|Any CPU
		{6A404C9C-1B47-4997-A17E-0299334D6322}.Release|Any CPU.ActiveCfg = Release|Any CPU
		{6A404C9C-1B47-4997-A17E-0299334D6322}.Release|Any CPU.Build.0 = Release|Any CPU
		{6A404C9C-1B47-4997-A17E-0299334D6322}.Trasen|Any CPU.ActiveCfg = Release|Any CPU
		{6A404C9C-1B47-4997-A17E-0299334D6322}.Trasen|Any CPU.Build.0 = Release|Any CPU
		{12C28C5F-E670-4CE8-9850-8062D50DFA8E}.Debug|Any CPU.ActiveCfg = Debug|Any CPU
		{12C28C5F-E670-4CE8-9850-8062D50DFA8E}.Debug|Any CPU.Build.0 = Debug|Any CPU
		{12C28C5F-E670-4CE8-9850-8062D50DFA8E}.Release|Any CPU.ActiveCfg = Release|Any CPU
		{12C28C5F-E670-4CE8-9850-8062D50DFA8E}.Release|Any CPU.Build.0 = Release|Any CPU
		{12C28C5F-E670-4CE8-9850-8062D50DFA8E}.Trasen|Any CPU.ActiveCfg = Release|Any CPU
		{12C28C5F-E670-4CE8-9850-8062D50DFA8E}.Trasen|Any CPU.Build.0 = Release|Any CPU
		{E2860CB7-1B31-4DEF-8606-8B4EB899E950}.Debug|Any CPU.ActiveCfg = Debug|Any CPU
		{E2860CB7-1B31-4DEF-8606-8B4EB899E950}.Debug|Any CPU.Build.0 = Debug|Any CPU
		{E2860CB7-1B31-4DEF-8606-8B4EB899E950}.Release|Any CPU.ActiveCfg = Release|Any CPU
		{E2860CB7-1B31-4DEF-8606-8B4EB899E950}.Release|Any CPU.Build.0 = Release|Any CPU
		{E2860CB7-1B31-4DEF-8606-8B4EB899E950}.Trasen|Any CPU.ActiveCfg = Release|Any CPU
		{E2860CB7-1B31-4DEF-8606-8B4EB899E950}.Trasen|Any CPU.Build.0 = Release|Any CPU
		{217F1610-28DC-4661-A571-D8BA7EC4F3B4}.Debug|Any CPU.ActiveCfg = Debug|Any CPU
		{217F1610-28DC-4661-A571-D8BA7EC4F3B4}.Debug|Any CPU.Build.0 = Debug|Any CPU
		{217F1610-28DC-4661-A571-D8BA7EC4F3B4}.Release|Any CPU.ActiveCfg = Release|Any CPU
		{217F1610-28DC-4661-A571-D8BA7EC4F3B4}.Release|Any CPU.Build.0 = Release|Any CPU
		{217F1610-28DC-4661-A571-D8BA7EC4F3B4}.Trasen|Any CPU.ActiveCfg = Release|Any CPU
		{217F1610-28DC-4661-A571-D8BA7EC4F3B4}.Trasen|Any CPU.Build.0 = Release|Any CPU
		{0D0199CC-D224-47DD-B5E0-6A3D1382EC8D}.Debug|Any CPU.ActiveCfg = Debug|Any CPU
		{0D0199CC-D224-47DD-B5E0-6A3D1382EC8D}.Debug|Any CPU.Build.0 = Debug|Any CPU
		{0D0199CC-D224-47DD-B5E0-6A3D1382EC8D}.Release|Any CPU.ActiveCfg = Release|Any CPU
		{0D0199CC-D224-47DD-B5E0-6A3D1382EC8D}.Release|Any CPU.Build.0 = Release|Any CPU
		{0D0199CC-D224-47DD-B5E0-6A3D1382EC8D}.Trasen|Any CPU.ActiveCfg = Release|Any CPU
		{0D0199CC-D224-47DD-B5E0-6A3D1382EC8D}.Trasen|Any CPU.Build.0 = Release|Any CPU
		{70E1390E-B8C5-4409-BD26-2C403747C5EC}.Debug|Any CPU.ActiveCfg = Debug|Any CPU
		{70E1390E-B8C5-4409-BD26-2C403747C5EC}.Debug|Any CPU.Build.0 = Debug|Any CPU
		{70E1390E-B8C5-4409-BD26-2C403747C5EC}.Release|Any CPU.ActiveCfg = Release|Any CPU
		{70E1390E-B8C5-4409-BD26-2C403747C5EC}.Release|Any CPU.Build.0 = Release|Any CPU
		{70E1390E-B8C5-4409-BD26-2C403747C5EC}.Trasen|Any CPU.ActiveCfg = Release|Any CPU
		{70E1390E-B8C5-4409-BD26-2C403747C5EC}.Trasen|Any CPU.Build.0 = Release|Any CPU
		{3FA17918-B2EA-40CE-BC44-3F30D92B97F5}.Debug|Any CPU.ActiveCfg = Debug|Any CPU
		{3FA17918-B2EA-40CE-BC44-3F30D92B97F5}.Debug|Any CPU.Build.0 = Debug|Any CPU
		{3FA17918-B2EA-40CE-BC44-3F30D92B97F5}.Release|Any CPU.ActiveCfg = Release|Any CPU
		{3FA17918-B2EA-40CE-BC44-3F30D92B97F5}.Release|Any CPU.Build.0 = Release|Any CPU
		{3FA17918-B2EA-40CE-BC44-3F30D92B97F5}.Trasen|Any CPU.ActiveCfg = Release|Any CPU
		{3FA17918-B2EA-40CE-BC44-3F30D92B97F5}.Trasen|Any CPU.Build.0 = Release|Any CPU
		{3AB4865C-597F-437A-AF0A-332665BD0926}.Debug|Any CPU.ActiveCfg = Debug|Any CPU
		{3AB4865C-597F-437A-AF0A-332665BD0926}.Debug|Any CPU.Build.0 = Debug|Any CPU
		{3AB4865C-597F-437A-AF0A-332665BD0926}.Release|Any CPU.ActiveCfg = Release|Any CPU
		{3AB4865C-597F-437A-AF0A-332665BD0926}.Release|Any CPU.Build.0 = Release|Any CPU
		{3AB4865C-597F-437A-AF0A-332665BD0926}.Trasen|Any CPU.ActiveCfg = Release|Any CPU
		{3AB4865C-597F-437A-AF0A-332665BD0926}.Trasen|Any CPU.Build.0 = Release|Any CPU
		{5AF7C5C8-1F88-4E42-9FF5-C4D2F00956FE}.Debug|Any CPU.ActiveCfg = Debug|Any CPU
		{5AF7C5C8-1F88-4E42-9FF5-C4D2F00956FE}.Debug|Any CPU.Build.0 = Debug|Any CPU
		{5AF7C5C8-1F88-4E42-9FF5-C4D2F00956FE}.Release|Any CPU.ActiveCfg = Release|Any CPU
		{5AF7C5C8-1F88-4E42-9FF5-C4D2F00956FE}.Release|Any CPU.Build.0 = Release|Any CPU
		{5AF7C5C8-1F88-4E42-9FF5-C4D2F00956FE}.Trasen|Any CPU.ActiveCfg = Release|Any CPU
		{5AF7C5C8-1F88-4E42-9FF5-C4D2F00956FE}.Trasen|Any CPU.Build.0 = Release|Any CPU
		{E51EB670-C958-4069-8BF6-4DAF3068B715}.Debug|Any CPU.ActiveCfg = Debug|Any CPU
		{E51EB670-C958-4069-8BF6-4DAF3068B715}.Debug|Any CPU.Build.0 = Debug|Any CPU
		{E51EB670-C958-4069-8BF6-4DAF3068B715}.Release|Any CPU.ActiveCfg = Release|Any CPU
		{E51EB670-C958-4069-8BF6-4DAF3068B715}.Release|Any CPU.Build.0 = Release|Any CPU
		{E51EB670-C958-4069-8BF6-4DAF3068B715}.Trasen|Any CPU.ActiveCfg = Release|Any CPU
		{E51EB670-C958-4069-8BF6-4DAF3068B715}.Trasen|Any CPU.Build.0 = Release|Any CPU
		{2F053CBF-3F1E-4530-8324-7482DF8312C5}.Debug|Any CPU.ActiveCfg = Debug|Any CPU
		{2F053CBF-3F1E-4530-8324-7482DF8312C5}.Debug|Any CPU.Build.0 = Debug|Any CPU
		{2F053CBF-3F1E-4530-8324-7482DF8312C5}.Release|Any CPU.ActiveCfg = Release|Any CPU
		{2F053CBF-3F1E-4530-8324-7482DF8312C5}.Release|Any CPU.Build.0 = Release|Any CPU
		{2F053CBF-3F1E-4530-8324-7482DF8312C5}.Trasen|Any CPU.ActiveCfg = Release|Any CPU
		{2F053CBF-3F1E-4530-8324-7482DF8312C5}.Trasen|Any CPU.Build.0 = Release|Any CPU
		{1D5433A3-D84C-4801-8630-FF065829BC99}.Debug|Any CPU.ActiveCfg = Debug|Any CPU
		{1D5433A3-D84C-4801-8630-FF065829BC99}.Debug|Any CPU.Build.0 = Debug|Any CPU
		{1D5433A3-D84C-4801-8630-FF065829BC99}.Release|Any CPU.ActiveCfg = Release|Any CPU
		{1D5433A3-D84C-4801-8630-FF065829BC99}.Release|Any CPU.Build.0 = Release|Any CPU
		{1D5433A3-D84C-4801-8630-FF065829BC99}.Trasen|Any CPU.ActiveCfg = Release|Any CPU
		{1D5433A3-D84C-4801-8630-FF065829BC99}.Trasen|Any CPU.Build.0 = Release|Any CPU
		{4D4260D3-B83B-4A5C-8B14-8D44FA39F4D0}.Debug|Any CPU.ActiveCfg = Debug|Any CPU
		{4D4260D3-B83B-4A5C-8B14-8D44FA39F4D0}.Debug|Any CPU.Build.0 = Debug|Any CPU
		{4D4260D3-B83B-4A5C-8B14-8D44FA39F4D0}.Release|Any CPU.ActiveCfg = Release|Any CPU
		{4D4260D3-B83B-4A5C-8B14-8D44FA39F4D0}.Release|Any CPU.Build.0 = Release|Any CPU
		{4D4260D3-B83B-4A5C-8B14-8D44FA39F4D0}.Trasen|Any CPU.ActiveCfg = Release|Any CPU
		{4D4260D3-B83B-4A5C-8B14-8D44FA39F4D0}.Trasen|Any CPU.Build.0 = Release|Any CPU
		{5BE8FDF9-E9E8-41D7-9052-DD8D279FA17E}.Debug|Any CPU.ActiveCfg = Debug|Any CPU
		{5BE8FDF9-E9E8-41D7-9052-DD8D279FA17E}.Debug|Any CPU.Build.0 = Debug|Any CPU
		{5BE8FDF9-E9E8-41D7-9052-DD8D279FA17E}.Release|Any CPU.ActiveCfg = Release|Any CPU
		{5BE8FDF9-E9E8-41D7-9052-DD8D279FA17E}.Release|Any CPU.Build.0 = Release|Any CPU
		{5BE8FDF9-E9E8-41D7-9052-DD8D279FA17E}.Trasen|Any CPU.ActiveCfg = Release|Any CPU
		{5BE8FDF9-E9E8-41D7-9052-DD8D279FA17E}.Trasen|Any CPU.Build.0 = Release|Any CPU
		{018ACDD4-4866-4839-A705-03A66CE0A7A3}.Debug|Any CPU.ActiveCfg = Debug|Any CPU
		{018ACDD4-4866-4839-A705-03A66CE0A7A3}.Debug|Any CPU.Build.0 = Debug|Any CPU
		{018ACDD4-4866-4839-A705-03A66CE0A7A3}.Release|Any CPU.ActiveCfg = Release|Any CPU
		{018ACDD4-4866-4839-A705-03A66CE0A7A3}.Release|Any CPU.Build.0 = Release|Any CPU
		{018ACDD4-4866-4839-A705-03A66CE0A7A3}.Trasen|Any CPU.ActiveCfg = Release|Any CPU
		{018ACDD4-4866-4839-A705-03A66CE0A7A3}.Trasen|Any CPU.Build.0 = Release|Any CPU
		{B01360D3-0F20-48DB-8C3C-C8D43A025F93}.Debug|Any CPU.ActiveCfg = Debug|Any CPU
		{B01360D3-0F20-48DB-8C3C-C8D43A025F93}.Debug|Any CPU.Build.0 = Debug|Any CPU
		{B01360D3-0F20-48DB-8C3C-C8D43A025F93}.Release|Any CPU.ActiveCfg = Release|Any CPU
		{B01360D3-0F20-48DB-8C3C-C8D43A025F93}.Release|Any CPU.Build.0 = Release|Any CPU
		{B01360D3-0F20-48DB-8C3C-C8D43A025F93}.Trasen|Any CPU.ActiveCfg = Release|Any CPU
		{B01360D3-0F20-48DB-8C3C-C8D43A025F93}.Trasen|Any CPU.Build.0 = Release|Any CPU
		{2073287D-527F-4DE6-A1FF-F27F6C28D377}.Debug|Any CPU.ActiveCfg = Debug|Any CPU
		{2073287D-527F-4DE6-A1FF-F27F6C28D377}.Debug|Any CPU.Build.0 = Debug|Any CPU
		{2073287D-527F-4DE6-A1FF-F27F6C28D377}.Release|Any CPU.ActiveCfg = Release|Any CPU
		{2073287D-527F-4DE6-A1FF-F27F6C28D377}.Release|Any CPU.Build.0 = Release|Any CPU
		{2073287D-527F-4DE6-A1FF-F27F6C28D377}.Trasen|Any CPU.ActiveCfg = Release|Any CPU
		{2073287D-527F-4DE6-A1FF-F27F6C28D377}.Trasen|Any CPU.Build.0 = Release|Any CPU
		{0E0B1233-8D05-479C-99EF-3B5893BC2A96}.Debug|Any CPU.ActiveCfg = Debug|Any CPU
		{0E0B1233-8D05-479C-99EF-3B5893BC2A96}.Debug|Any CPU.Build.0 = Debug|Any CPU
		{0E0B1233-8D05-479C-99EF-3B5893BC2A96}.Release|Any CPU.ActiveCfg = Release|Any CPU
		{0E0B1233-8D05-479C-99EF-3B5893BC2A96}.Release|Any CPU.Build.0 = Release|Any CPU
		{0E0B1233-8D05-479C-99EF-3B5893BC2A96}.Trasen|Any CPU.ActiveCfg = Release|Any CPU
		{0E0B1233-8D05-479C-99EF-3B5893BC2A96}.Trasen|Any CPU.Build.0 = Release|Any CPU
		{5E812D83-CA59-449D-874E-A5EC186BBAA1}.Debug|Any CPU.ActiveCfg = Debug|Any CPU
		{5E812D83-CA59-449D-874E-A5EC186BBAA1}.Debug|Any CPU.Build.0 = Debug|Any CPU
		{5E812D83-CA59-449D-874E-A5EC186BBAA1}.Release|Any CPU.ActiveCfg = Release|Any CPU
		{5E812D83-CA59-449D-874E-A5EC186BBAA1}.Release|Any CPU.Build.0 = Release|Any CPU
		{5E812D83-CA59-449D-874E-A5EC186BBAA1}.Trasen|Any CPU.ActiveCfg = Release|Any CPU
		{5E812D83-CA59-449D-874E-A5EC186BBAA1}.Trasen|Any CPU.Build.0 = Release|Any CPU
		{8B06FE36-3FA3-4AB7-B675-FC4361DDDBE3}.Debug|Any CPU.ActiveCfg = Debug|Any CPU
		{8B06FE36-3FA3-4AB7-B675-FC4361DDDBE3}.Debug|Any CPU.Build.0 = Debug|Any CPU
		{8B06FE36-3FA3-4AB7-B675-FC4361DDDBE3}.Release|Any CPU.ActiveCfg = Release|Any CPU
		{8B06FE36-3FA3-4AB7-B675-FC4361DDDBE3}.Release|Any CPU.Build.0 = Release|Any CPU
		{8B06FE36-3FA3-4AB7-B675-FC4361DDDBE3}.Trasen|Any CPU.ActiveCfg = Release|Any CPU
		{8B06FE36-3FA3-4AB7-B675-FC4361DDDBE3}.Trasen|Any CPU.Build.0 = Release|Any CPU
	EndGlobalSection
	GlobalSection(SolutionProperties) = preSolution
		HideSolutionNode = FALSE
	EndGlobalSection
	GlobalSection(NestedProjects) = preSolution
		{47D84B5C-1623-4803-8AF5-B996EB458C3E} = {BA1C4BC9-109D-4082-9896-86FDC0F011FC}
		{38E7B0A9-B1BF-47B0-915A-AA4E5B761A12} = {BA1C4BC9-109D-4082-9896-86FDC0F011FC}
		{8A4F57D9-13E4-4446-9278-F7F656486BBD} = {BA1C4BC9-109D-4082-9896-86FDC0F011FC}
		{EBCAA661-D17B-4024-A193-FE45A8BCE96F} = {BA1C4BC9-109D-4082-9896-86FDC0F011FC}
		{E37980CB-D4C6-432C-8761-D21C807EAAB1} = {BA1C4BC9-109D-4082-9896-86FDC0F011FC}
		{F4999665-4EE6-4EB6-AD7E-A65C8D6C374F} = {BA1C4BC9-109D-4082-9896-86FDC0F011FC}
		{27A59303-D9B3-4EC9-BF19-1FDF0417958E} = {BA1C4BC9-109D-4082-9896-86FDC0F011FC}
		{48823870-3444-4083-8BC9-3D8BFD03DEBD} = {DD246377-8755-4FA3-9987-4918639B5C5D}
		{50E3F232-FFB8-40C5-A6EC-271418CA11E4} = {DD246377-8755-4FA3-9987-4918639B5C5D}
		{CE180FAB-053D-4B25-9118-9CF998B352F9} = {DD246377-8755-4FA3-9987-4918639B5C5D}
		{D777FD67-6532-4746-812A-4A36EBF95693} = {BA1C4BC9-109D-4082-9896-86FDC0F011FC}
		{6A404C9C-1B47-4997-A17E-0299334D6322} = {BA1C4BC9-109D-4082-9896-86FDC0F011FC}
		{12C28C5F-E670-4CE8-9850-8062D50DFA8E} = {BA1C4BC9-109D-4082-9896-86FDC0F011FC}
		{E2860CB7-1B31-4DEF-8606-8B4EB899E950} = {BA1C4BC9-109D-4082-9896-86FDC0F011FC}
		{217F1610-28DC-4661-A571-D8BA7EC4F3B4} = {BA1C4BC9-109D-4082-9896-86FDC0F011FC}
		{0D0199CC-D224-47DD-B5E0-6A3D1382EC8D} = {BA1C4BC9-109D-4082-9896-86FDC0F011FC}
		{70E1390E-B8C5-4409-BD26-2C403747C5EC} = {BA1C4BC9-109D-4082-9896-86FDC0F011FC}
		{3FA17918-B2EA-40CE-BC44-3F30D92B97F5} = {BA1C4BC9-109D-4082-9896-86FDC0F011FC}
		{3AB4865C-597F-437A-AF0A-332665BD0926} = {BA1C4BC9-109D-4082-9896-86FDC0F011FC}
		{5AF7C5C8-1F88-4E42-9FF5-C4D2F00956FE} = {BA1C4BC9-109D-4082-9896-86FDC0F011FC}
		{E51EB670-C958-4069-8BF6-4DAF3068B715} = {BA1C4BC9-109D-4082-9896-86FDC0F011FC}
		{2F053CBF-3F1E-4530-8324-7482DF8312C5} = {BA1C4BC9-109D-4082-9896-86FDC0F011FC}
		{1D5433A3-D84C-4801-8630-FF065829BC99} = {DD246377-8755-4FA3-9987-4918639B5C5D}
		{4D4260D3-B83B-4A5C-8B14-8D44FA39F4D0} = {DD246377-8755-4FA3-9987-4918639B5C5D}
		{5BE8FDF9-E9E8-41D7-9052-DD8D279FA17E} = {BA1C4BC9-109D-4082-9896-86FDC0F011FC}
		{018ACDD4-4866-4839-A705-03A66CE0A7A3} = {DD246377-8755-4FA3-9987-4918639B5C5D}
		{B01360D3-0F20-48DB-8C3C-C8D43A025F93} = {ECA15BC7-9BB0-4F15-8A65-1F62A440ED12}
		{2073287D-527F-4DE6-A1FF-F27F6C28D377} = {ECA15BC7-9BB0-4F15-8A65-1F62A440ED12}
		{0E0B1233-8D05-479C-99EF-3B5893BC2A96} = {BA1C4BC9-109D-4082-9896-86FDC0F011FC}
		{5E812D83-CA59-449D-874E-A5EC186BBAA1} = {ECA15BC7-9BB0-4F15-8A65-1F62A440ED12}
		{8B06FE36-3FA3-4AB7-B675-FC4361DDDBE3} = {DD246377-8755-4FA3-9987-4918639B5C5D}
	EndGlobalSection
	GlobalSection(ExtensibilityGlobals) = postSolution
		SolutionGuid = {960B9380-83EA-46CF-AE73-92309527B4FE}
	EndGlobalSection
EndGlobal
